
Microsoft Visual Studio Solution File, Format Version 12.00
# Visual Studio 2013
VisualStudioVersion = 12.0.31101.0
MinimumVisualStudioVersion = 10.0.40219.1
Project("{FAE04EC0-301F-11D3-BF4B-00C04F79EFBC}") = "BloomFilter", "BloomFilter\BloomFilter.csproj", "{401C2FDA-0145-45CF-B41C-0B2D81647EF9}"
EndProject
Project("{FAE04EC0-301F-11D3-BF4B-00C04F79EFBC}") = "BloomFilterTests", "BloomFilterTests\BloomFilterTests.csproj", "{4DBBE9D1-5B69-4B0A-B2B5-D5F8899459B9}"
EndProject
Project("{2150E333-8FDC-42A3-9474-1A3956D46DE8}") = "Solution Items", "Solution Items", "{9DC306B6-11AD-4BC6-A7C8-8F86836B1D3C}"
	ProjectSection(SolutionItems) = preProject
		LICENSE.txt = LICENSE.txt
		README.md = README.md
	EndProjectSection
EndProject
Global
	GlobalSection(SolutionConfigurationPlatforms) = preSolution
		Debug|Any CPU = Debug|Any CPU
		Release|Any CPU = Release|Any CPU
	EndGlobalSection
	GlobalSection(ProjectConfigurationPlatforms) = postSolution
		{401C2FDA-0145-45CF-B41C-0B2D81647EF9}.Debug|Any CPU.ActiveCfg = Debug|Any CPU
		{401C2FDA-0145-45CF-B41C-0B2D81647EF9}.Debug|Any CPU.Build.0 = Debug|Any CPU
		{401C2FDA-0145-45CF-B41C-0B2D81647EF9}.Release|Any CPU.ActiveCfg = Release|Any CPU
		{401C2FDA-0145-45CF-B41C-0B2D81647EF9}.Release|Any CPU.Build.0 = Release|Any CPU
		{4DBBE9D1-5B69-4B0A-B2B5-D5F8899459B9}.Debug|Any CPU.ActiveCfg = Debug|Any CPU
		{4DBBE9D1-5B69-4B0A-B2B5-D5F8899459B9}.Debug|Any CPU.Build.0 = Debug|Any CPU
		{4DBBE9D1-5B69-4B0A-B2B5-D5F8899459B9}.Release|Any CPU.ActiveCfg = Release|Any CPU
		{4DBBE9D1-5B69-4B0A-B2B5-D5F8899459B9}.Release|Any CPU.Build.0 = Release|Any CPU
	EndGlobalSection
	GlobalSection(SolutionProperties) = preSolution
		HideSolutionNode = FALSE
	EndGlobalSection
EndGlobal
